github.com/Microsoft/go-winio v0.6.2 h1:F2VQgta7ecxGYO8k3ZZz3RS8fVIXVxONVUPlNERoyfY=
github.com/Microsoft/go-winio v0.6.2/go.mod h1:yd8OoFMLzJbo9gZq8j5qaps8bJ9aShtEA8Ipt1oGCvU=
github.com/containers/libhvee v0.11.0 h1:lh9sN2vl0pWrozAjvudsJaKLN1H6YXaohSn/cCxSSLI=
github.com/containers/libhvee v0.11.0/go.mod h1:4eTPJpxhHsXWaKXF5KI3/IuN1U/wbTvupLzKfSB8p0E=
github.com/davecgh/go-spew v1.1.2-0.20180830191138-d8f796af33cc h1:U9qPSI2PIWSS1VwoXQT9A3Wy9MM3WgvqSxFWenqJduM=
github.com/davecgh/go-spew v1.1.2-0.20180830191138-d8f796af33cc/go.mod h1:J7Y8YcW2NihsgmVo/mv3lAwl/skON4iLHjSsI+c5H38=
github.com/go-ole/go-ole v1.3.0 h1:Dt6ye7+vXGIKZ7Xtk4s6/xVdGDQynvom7xCFEdWr6uE=
github.com/go-ole/go-ole v1.3.0/go.mod h1:5LS6F96DhAwUc7C+1HLexzMXY1xGRSryjyPPKW6zv78=
github.com/hugelgupf/p9 v0.4.1 h1:04RUBWSYlvP38QX8At5VXnMTg9qNEnbP/548aMLtfsk=
github.com/hugelgupf/p9 v0.4.1/go.mod h1:LoNwfBWP+QlCkjS1GFNylCthRIk/TkMZd6ICTbC+hrI=
github.com/hugelgupf/socketpair v0.0.0-20230822150718-707395b1939a h1:Nq7wDsqsVBUBfGn8yB1M028ShWTKTtZBcafaTJ35N0s=
github.com/hugelgupf/socketpair v0.0.0-20230822150718-707395b1939a/go.mod h1:71Bqb5Fh9zPHF8jwdmMEmJObzr25Mx5pWLbDBMMEn6E=
github.com/josharian/native v1.0.1-0.20221213033349-c1e37c09b531/go.mod h1:7X/raswPFr05uY3HiLlYeyQntB6OO7E/d2Cu7qoaN2w=
github.com/pierrec/lz4/v4 v4.1.14/go.mod h1:gZWDp/Ze/IJXGXf23ltt2EXimqmTUXEy0GFuRQyBid4=
github.com/pmezard/go-difflib v1.0.1-0.20181226105442-5d4384ee4fb2 h1:Jamvg5psRIccs7FGNTlIRMkT8wgtp5eCXdBlqhYGL6U=
github.com/pmezard/go-difflib v1.0.1-0.20181226105442-5d4384ee4fb2/go.mod h1:iKH77koFhYxTK1pcRnkKkqfTogsbg7gZNVY4sRDYZ/4=
github.com/sirupsen/logrus v1.9.4 h1:TsZE7l11zFCLZnZ+teH4Umoq5BhEIfIzfRDZ1Uzql2w=
github.com/sirupsen/logrus v1.9.4/go.mod h1:ftWc9WdOfJ0a92nsE2jF5u5ZwH8Bv2zdeOC42RjbV2g=
github.com/stretchr/testify v1.11.1 h1:7s2iGBzp5EwR7/aIZr8ao5+dra3wiQyKjjFuvgVKu7U=
github.com/stretchr/testify v1.11.1/go.mod h1:wZwfW3scLgRK+23gO65QZefKpKQRnfz6sD981Nm4B6U=
github.com/u-root/uio v0.0.0-20230305220412-3e8cd9d6bf63 h1:YcojQL98T/OO+rybuzn2+5KrD5dBwXIvYBvQ2cD3Avg=
github.com/u-root/uio v0.0.0-20230305220412-3e8cd9d6bf63/go.mod h1:eLL9Nub3yfAho7qB0MzZizFhTU2QkLeoVsWdHtDW264=
go.podman.io/common v0.0.0-20250901164813-7046ad001ce8 h1:ew7j982wUjK6RdtNAddeVp2QaXvqde/wTBVh5KfSFiA=
go.podman.io/common v0.0.0-20250901164813-7046ad001ce8/go.mod h1:9opewjDkwNZ7ulCCAhfRmpc3ZObqR/2LRM6DZiSj9So=
golang.org/x/sys v0.0.0-20220622161953-175b2fd9d664/go.mod h1:oPkhp1MJrh7nUepCBck5+mAzfO9JrbApNNgaTdGDITg=
golang.org/x/sys v0.1.0/go.mod h1:oPkhp1MJrh7nUepCBck5+mAzfO9JrbApNNgaTdGDITg=
golang.org/x/sys v0.47.0 h1:o7XGOvZQCADBQQ4Y7VNq2dRWQR7JmOUW8Kxx4ZsNgWs=
golang.org/x/sys v0.47.0/go.mod h1:4GL1E5IUh+htKOUEOaiffhrAeqysfVGipDYzABqnCmw=
gopkg.in/yaml.v3 v3.0.1 h1:fxVm/GzAzEWqLHuvctI91KS9hhNmmWOoWu0XTYJS7CA=
gopkg.in/yaml.v3 v3.0.1/go.mod h1:K4uyk7z7BCEPqu6E+C64Yfv1cQ7kz7rIZviUmN+EgEM=
